
Microsoft Visual Studio Solution File, Format Version 12.00
# Visual Studio Version 17
VisualStudioVersion = 17.6.33829.357
MinimumVisualStudioVersion = 10.0.40219.1
Project("{9A19103F-16F7-4668-BE54-9A1E7A4F7556}") = "hk_it_job_trend_func", "hk_it_job_trend_func\hk_it_job_trend_func.csproj", "{7A0179BB-29DF-40CE-8A8D-EDE6A7083692}"
EndProject
Global
	GlobalSection(SolutionConfigurationPlatforms) = preSolution
		Debug|Any CPU = Debug|Any CPU
		Release|Any CPU = Release|Any CPU
	EndGlobalSection
	GlobalSection(ProjectConfigurationPlatforms) = postSolution
		{7A0179BB-29DF-40CE-8A8D-EDE6A7083692}.Debug|Any CPU.ActiveCfg = Debug|Any CPU
		{7A0179BB-29DF-40CE-8A8D-EDE6A7083692}.Debug|Any CPU.Build.0 = Debug|Any CPU
		{7A0179BB-29DF-40CE-8A8D-EDE6A7083692}.Release|Any CPU.ActiveCfg = Release|Any CPU
		{7A0179BB-29DF-40CE-8A8D-EDE6A7083692}.Release|Any CPU.Build.0 = Release|Any CPU
	EndGlobalSection
	GlobalSection(SolutionProperties) = preSolution
		HideSolutionNode = FALSE
	EndGlobalSection
	GlobalSection(ExtensibilityGlobals) = postSolution
		SolutionGuid = {ED653ED9-65C5-4522-9C2D-F31A3664DE55}
	EndGlobalSection
EndGlobal
